
Microsoft Visual Studio Solution File, Format Version 12.00
# Visual Studio Version 17
VisualStudioVersion = 17.11.35327.3
MinimumVisualStudioVersion = 10.0.40219.1
Project("{FAE04EC0-301F-11D3-BF4B-00C04F79EFBC}") = "TerminalChat", "TerminalChat\TerminalChat.csproj", "{D2B43D82-17A4-4172-A536-3DD1190D06B3}"
EndProject
Global
	GlobalSection(SolutionConfigurationPlatforms) = preSolution
		Debug|Any CPU = Debug|Any CPU
		Release|Any CPU = Release|Any CPU
	EndGlobalSection
	GlobalSection(ProjectConfigurationPlatforms) = postSolution
		{D2B43D82-17A4-4172-A536-3DD1190D06B3}.Debug|Any CPU.ActiveCfg = Debug|Any CPU
		{D2B43D82-17A4-4172-A536-3DD1190D06B3}.Debug|Any CPU.Build.0 = Debug|Any CPU
		{D2B43D82-17A4-4172-A536-3DD1190D06B3}.Release|Any CPU.ActiveCfg = Release|Any CPU
		{D2B43D82-17A4-4172-A536-3DD1190D06B3}.Release|Any CPU.Build.0 = Release|Any CPU
	EndGlobalSection
	GlobalSection(SolutionProperties) = preSolution
		HideSolutionNode = FALSE
	EndGlobalSection
	GlobalSection(ExtensibilityGlobals) = postSolution
		SolutionGuid = {8E8E02BF-A5C5-4F3C-9A5B-598F8E73A98A}
	EndGlobalSection
EndGlobal
